
Microsoft Visual Studio Solution File, Format Version 12.00
# Visual Studio Version 17
VisualStudioVersion = 17.13.35931.197
MinimumVisualStudioVersion = 10.0.40219.1
Project("{FAE04EC0-301F-11D3-BF4B-00C04F79EFBC}") = "LIBRARYMANAGEMENT", "LIBRARYMANAGEMENT.csproj", "{30C75B69-C943-4607-BA5E-66977E230E75}"
EndProject
Global
	GlobalSection(SolutionConfigurationPlatforms) = preSolution
		Debug|Any CPU = Debug|Any CPU
		Release|Any CPU = Release|Any CPU
	EndGlobalSection
	GlobalSection(ProjectConfigurationPlatforms) = postSolution
		{30C75B69-C943-4607-BA5E-66977E230E75}.Debug|Any CPU.ActiveCfg = Debug|Any CPU
		{30C75B69-C943-4607-BA5E-66977E230E75}.Debug|Any CPU.Build.0 = Debug|Any CPU
		{30C75B69-C943-4607-BA5E-66977E230E75}.Release|Any CPU.ActiveCfg = Release|Any CPU
		{30C75B69-C943-4607-BA5E-66977E230E75}.Release|Any CPU.Build.0 = Release|Any CPU
	EndGlobalSection
	GlobalSection(SolutionProperties) = preSolution
		HideSolutionNode = FALSE
	EndGlobalSection
	GlobalSection(ExtensibilityGlobals) = postSolution
		SolutionGuid = {6E5842C2-D4C0-4591-9F94-5DCE8AB8C229}
	EndGlobalSection
EndGlobal
